
Microsoft Visual Studio Solution File, Format Version 12.00
# Visual Studio Version 16
VisualStudioVersion = 16.0.808.10
MinimumVisualStudioVersion = 10.0.40219.1
Project("{FAE04EC0-301F-11D3-BF4B-00C04F79EFBC}") = "PetShop.Android", "PetShop.Android\PetShop.Android.csproj", "{572C7BE8-96A8-4B15-98BF-15BB8AC03491}"
EndProject
Project("{9A19103F-16F7-4668-BE54-9A1E7A4F7556}") = "PetShop", "PetShop\PetShop.csproj", "{85848ADD-E371-4B0D-B7F2-BA38CA33CC64}"
EndProject
Project("{9A19103F-16F7-4668-BE54-9A1E7A4F7556}") = "LogicTest", "LogicTest\LogicTest.csproj", "{3341F1B1-A837-447F-A34D-9F62C4124B9E}"
EndProject
Project("{2150E333-8FDC-42A3-9474-1A3956D46DE8}") = "Solution Items", "Solution Items", "{82E6FE94-2BBD-4541-B9E4-EFD8D90F05C0}"
EndProject
Global
	GlobalSection(SolutionConfigurationPlatforms) = preSolution
		Debug|Any CPU = Debug|Any CPU
		Release|Any CPU = Release|Any CPU
	EndGlobalSection
	GlobalSection(ProjectConfigurationPlatforms) = postSolution
		{572C7BE8-96A8-4B15-98BF-15BB8AC03491}.Debug|Any CPU.ActiveCfg = Debug|Any CPU
		{572C7BE8-96A8-4B15-98BF-15BB8AC03491}.Debug|Any CPU.Build.0 = Debug|Any CPU
		{572C7BE8-96A8-4B15-98BF-15BB8AC03491}.Debug|Any CPU.Deploy.0 = Debug|Any CPU
		{572C7BE8-96A8-4B15-98BF-15BB8AC03491}.Release|Any CPU.ActiveCfg = Release|Any CPU
		{572C7BE8-96A8-4B15-98BF-15BB8AC03491}.Release|Any CPU.Build.0 = Release|Any CPU
		{85848ADD-E371-4B0D-B7F2-BA38CA33CC64}.Debug|Any CPU.ActiveCfg = Debug|Any CPU
		{85848ADD-E371-4B0D-B7F2-BA38CA33CC64}.Debug|Any CPU.Build.0 = Debug|Any CPU
		{85848ADD-E371-4B0D-B7F2-BA38CA33CC64}.Release|Any CPU.ActiveCfg = Release|Any CPU
		{85848ADD-E371-4B0D-B7F2-BA38CA33CC64}.Release|Any CPU.Build.0 = Release|Any CPU
		{3341F1B1-A837-447F-A34D-9F62C4124B9E}.Debug|Any CPU.ActiveCfg = Debug|Any CPU
		{3341F1B1-A837-447F-A34D-9F62C4124B9E}.Debug|Any CPU.Build.0 = Debug|Any CPU
		{3341F1B1-A837-447F-A34D-9F62C4124B9E}.Release|Any CPU.ActiveCfg = Release|Any CPU
		{3341F1B1-A837-447F-A34D-9F62C4124B9E}.Release|Any CPU.Build.0 = Release|Any CPU
	EndGlobalSection
	GlobalSection(SolutionProperties) = preSolution
		HideSolutionNode = FALSE
	EndGlobalSection
	GlobalSection(ExtensibilityGlobals) = postSolution
		SolutionGuid = {C77B2F04-0C03-4934-8058-AD20EF1EC139}
	EndGlobalSection
EndGlobal
